{
  "name": "typescript-demo-0",
  "version": "1.0.0",
  "lockfileVersion": 2,
  "requires": true,
  "packages": {
    "": {
      "name": "typescript-demo-0",
      "version": "1.0.0",
      "license": "ISC",
      "dependencies": {
        "really-relaxed-json": "^0.3.2",
        "reflect-metadata": "^0.1.13",
        "typescript": "^4.8.4"
      }
    },
    "node_modules/really-relaxed-json": {
      "version": "0.3.2",
      "resolved": "https://registry.npmjs.org/really-relaxed-json/-/really-relaxed-json-0.3.2.tgz",
      "integrity": "sha512-dWDnjzCnOyjfY26IHMEomqE5D3btCs5D7I8iSAeqPs+Jxm1m6W/jwn0cxlXW8u24RD29bi5llLOEVN87JUrqag=="
    },
    "node_modules/reflect-metadata": {
      "version": "0.1.13",
      "resolved": "https://registry.npmjs.org/reflect-metadata/-/reflect-metadata-0.1.13.tgz",
      "integrity": "sha512-Ts1Y/anZELhSsjMcU605fU9RE4Oi3p5ORujwbIKXfWa+0Zxs510Qrmrce5/Jowq3cHSZSJqBjypxmHarc+vEWg=="
    },
    "node_modules/typescript": {
      "version": "4.8.4",
      "resolved": "https://registry.npmjs.org/typescript/-/typescript-4.8.4.tgz",
      "integrity": "sha512-QCh+85mCy+h0IGff8r5XWzOVSbBO+KfeYrMQh7NJ58QujwcE22u+NUSmUxqF+un70P9GXKxa2HCNiTTMJknyjQ==",
      "bin": {
        "tsc": "bin/tsc",
        "tsserver": "bin/tsserver"
      },
      "engines": {
        "node": ">=4.2.0"
      }
    }
  },
  "dependencies": {
    "really-relaxed-json": {
      "version": "0.3.2",
      "resolved": "https://registry.npmjs.org/really-relaxed-json/-/really-relaxed-json-0.3.2.tgz",
      "integrity": "sha512-dWDnjzCnOyjfY26IHMEomqE5D3btCs5D7I8iSAeqPs+Jxm1m6W/jwn0cxlXW8u24RD29bi5llLOEVN87JUrqag=="
    },
    "reflect-metadata": {
      "version": "0.1.13",
      "resolved": "https://registry.npmjs.org/reflect-metadata/-/reflect-metadata-0.1.13.tgz",
      "integrity": "sha512-Ts1Y/anZELhSsjMcU605fU9RE4Oi3p5ORujwbIKXfWa+0Zxs510Qrmrce5/Jowq3cHSZSJqBjypxmHarc+vEWg=="
    },
    "typescript": {
      "version": "4.8.4",
      "resolved": "https://registry.npmjs.org/typescript/-/typescript-4.8.4.tgz",
      "integrity": "sha512-QCh+85mCy+h0IGff8r5XWzOVSbBO+KfeYrMQh7NJ58QujwcE22u+NUSmUxqF+un70P9GXKxa2HCNiTTMJknyjQ=="
    }
  }
}
